Microsoft Visual Studio Solution File, Format Version 11.00
# Visual Studio 2008

Project("{981BF752-4ECD-AE03-459B-C36E68166EAA}") = "UnityKicker", "Assembly-CSharp.csproj", "{55BE966E-D5A0-9F8F-B481-462E56E7A32D}"
EndProject
Global
	GlobalSection(SolutionConfigurationPlatforms) = preSolution
		Debug|Any CPU = Debug|Any CPU
		Release|Any CPU = Release|Any CPU
	EndGlobalSection
	GlobalSection(ProjectConfigurationPlatforms) = postSolution
		{55BE966E-D5A0-9F8F-B481-462E56E7A32D}.Debug|Any CPU.ActiveCfg = Debug|Any CPU
		{55BE966E-D5A0-9F8F-B481-462E56E7A32D}.Debug|Any CPU.Build.0 = Debug|Any CPU
		{55BE966E-D5A0-9F8F-B481-462E56E7A32D}.Release|Any CPU.ActiveCfg = Release|Any CPU
		{55BE966E-D5A0-9F8F-B481-462E56E7A32D}.Release|Any CPU.Build.0 = Release|Any CPU
	EndGlobalSection
	GlobalSection(SolutionProperties) = preSolution
		HideSolutionNode = FALSE
	EndGlobalSection
	GlobalSection(MonoDevelopProperties) = preSolution
		StartupItem = Assembly-CSharp.csproj
		Policies = $0
		$0.TextStylePolicy = $1
		$1.inheritsSet = null
		$1.scope = text/x-csharp
		$0.CSharpFormattingPolicy = $2
		$2.inheritsSet = Mono
		$2.inheritsScope = text/x-csharp
		$2.scope = text/x-csharp
		$0.TextStylePolicy = $3
		$3.FileWidth = 120
		$3.TabWidth = 4
		$3.EolMarker = Unix
		$3.inheritsSet = Mono
		$3.inheritsScope = text/plain
		$3.scope = text/plain
	EndGlobalSection
EndGlobal
